
Microsoft Visual Studio Solution File, Format Version 12.00
# Visual Studio Version 16
VisualStudioVersion = 16.0.32413.511
MinimumVisualStudioVersion = 10.0.40219.1
Project("{FAE04EC0-301F-11D3-BF4B-00C04F79EFBC}") = "dev_DianaMieres", "dev_DianaMieres\dev_DianaMieres.csproj", "{2DE19124-F4D2-4CF7-BB86-709F83567B5B}"
EndProject
Global
	GlobalSection(SolutionConfigurationPlatforms) = preSolution
		Debug|Any CPU = Debug|Any CPU
		Release|Any CPU = Release|Any CPU
	EndGlobalSection
	GlobalSection(ProjectConfigurationPlatforms) = postSolution
		{2DE19124-F4D2-4CF7-BB86-709F83567B5B}.Debug|Any CPU.ActiveCfg = Debug|Any CPU
		{2DE19124-F4D2-4CF7-BB86-709F83567B5B}.Debug|Any CPU.Build.0 = Debug|Any CPU
		{2DE19124-F4D2-4CF7-BB86-709F83567B5B}.Release|Any CPU.ActiveCfg = Release|Any CPU
		{2DE19124-F4D2-4CF7-BB86-709F83567B5B}.Release|Any CPU.Build.0 = Release|Any CPU
	EndGlobalSection
	GlobalSection(SolutionProperties) = preSolution
		HideSolutionNode = FALSE
	EndGlobalSection
	GlobalSection(ExtensibilityGlobals) = postSolution
		SolutionGuid = {BD4619EB-43CD-4DEF-8B55-24223892CA89}
	EndGlobalSection
EndGlobal
